
Microsoft Visual Studio Solution File, Format Version 12.00
# Visual Studio Version 16
VisualStudioVersion = 16.0.30907.101
MinimumVisualStudioVersion = 10.0.40219.1
Project("{FAE04EC0-301F-11D3-BF4B-00C04F79EFBC}") = "HelloWorld", "HelloWorld.csproj", "{B1335972-3702-4039-A10E-E2EF7C08D96D}"
EndProject
Global
	GlobalSection(SolutionConfigurationPlatforms) = preSolution
		Debug|Any CPU = Debug|Any CPU
		Release|Any CPU = Release|Any CPU
	EndGlobalSection
	GlobalSection(ProjectConfigurationPlatforms) = postSolution
		{B1335972-3702-4039-A10E-E2EF7C08D96D}.Debug|Any CPU.ActiveCfg = Debug|Any CPU
		{B1335972-3702-4039-A10E-E2EF7C08D96D}.Debug|Any CPU.Build.0 = Debug|Any CPU
		{B1335972-3702-4039-A10E-E2EF7C08D96D}.Release|Any CPU.ActiveCfg = Release|Any CPU
		{B1335972-3702-4039-A10E-E2EF7C08D96D}.Release|Any CPU.Build.0 = Release|Any CPU
	EndGlobalSection
	GlobalSection(SolutionProperties) = preSolution
		HideSolutionNode = FALSE
	EndGlobalSection
	GlobalSection(ExtensibilityGlobals) = postSolution
		SolutionGuid = {F6B83886-F177-4793-A27C-A0F3951A028E}
	EndGlobalSection
EndGlobal
